# THIS IS AN AUTOGENERATED FILE. DO NOT EDIT THIS FILE DIRECTLY.
# yarn lockfile v1


"@prisma/debug@4.10.1":
  version "4.10.1"
  resolved "https://registry.npmjs.org/@prisma/debug/-/debug-4.10.1.tgz"
  integrity sha512-NCWX+uJiEItzQsOS/4kiAKsT1hgSbN7n+1cNCmzoA6TsEn+WKzN0ZjBKyKuR937z57n2WVGXo5DfnCiW9ClqUg==
  dependencies:
    "@types/debug" "4.1.7"
    debug "4.3.4"
    strip-ansi "6.0.1"

"@prisma/generator-helper@^4.10.1":
  version "4.10.1"
  resolved "https://registry.npmjs.org/@prisma/generator-helper/-/generator-helper-4.10.1.tgz"
  integrity sha512-OS2hAnRAiWpy+icccG6wp/yx/2jaeLdfYG6ZwD8RR0vZC2PC5VsrJz8tv6kYmuOs3qQwzVcPt9YSj3frWfD5WA==
  dependencies:
    "@prisma/debug" "4.10.1"
    "@types/cross-spawn" "6.0.2"
    chalk "4.1.2"
    cross-spawn "7.0.3"

"@types/cross-spawn@6.0.2":
  version "6.0.2"
  resolved "https://registry.npmjs.org/@types/cross-spawn/-/cross-spawn-6.0.2.tgz"
  integrity sha512-KuwNhp3eza+Rhu8IFI5HUXRP0LIhqH5cAjubUvGXXthh4YYBuP2ntwEX+Cz8GJoZUHlKo247wPWOfA9LYEq4cw==
  dependencies:
    "@types/node" "*"

"@types/debug@4.1.7":
  version "4.1.7"
  resolved "https://registry.npmjs.org/@types/debug/-/debug-4.1.7.tgz"
  integrity sha512-9AonUzyTjXXhEOa0DnqpzZi6VHlqKMswga9EXjpXnnqxwLtdvPPtlO8evrI5D9S6asFRCQ6v+wpiUKbw+vKqyg==
  dependencies:
    "@types/ms" "*"

"@types/ms@*":
  version "0.7.31"
  resolved "https://registry.npmjs.org/@types/ms/-/ms-0.7.31.tgz"
  integrity sha512-iiUgKzV9AuaEkZqkOLDIvlQiL6ltuZd9tGcW3gwpnX8JbuiuhFlEGmmFXEXkN50Cvq7Os88IY2v0dkDqXYWVgA==

"@types/node@*":
  version "18.14.0"
  resolved "https://registry.npmjs.org/@types/node/-/node-18.14.0.tgz"
  integrity sha512-5EWrvLmglK+imbCJY0+INViFWUHg1AHel1sq4ZVSfdcNqGy9Edv3UB9IIzzg+xPaUcAgZYcfVs2fBcwDeZzU0A==

ansi-regex@^5.0.1:
  version "5.0.1"
  resolved "https://registry.npmjs.org/ansi-regex/-/ansi-regex-5.0.1.tgz"
  integrity sha512-quJQXlTSUGL2LH9SUXo8VwsY4soanhgo6LNSm84E1LBcE8s3O0wpdiRzyR9z/ZZJMlMWv37qOOb9pdJlMUEKFQ==

ansi-styles@^4.1.0:
  version "4.3.0"
  resolved "https://registry.npmjs.org/ansi-styles/-/ansi-styles-4.3.0.tgz"
  integrity sha512-zbB9rCJAT1rbjiVDb2hqKFHNYLxgtk8NURxZ3IZwD3F6NtxbXZQCnnSi1Lkx+IDohdPlFp222wVALIheZJQSEg==
  dependencies:
    color-convert "^2.0.1"

chalk@4.1.2:
  version "4.1.2"
  resolved "https://registry.npmjs.org/chalk/-/chalk-4.1.2.tgz"
  integrity sha512-oKnbhFyRIXpUuez8iBMmyEa4nbj4IOQyuhc/wy9kY7/WVPcwIO9VA668Pu8RkO7+0G76SLROeyw9CpQ061i4mA==
  dependencies:
    ansi-styles "^4.1.0"
    supports-color "^7.1.0"

color-convert@^2.0.1:
  version "2.0.1"
  resolved "https://registry.npmjs.org/color-convert/-/color-convert-2.0.1.tgz"
  integrity sha512-RRECPsj7iu/xb5oKYcsFHSppFNnsj/52OVTRKb4zP5onXwVF3zVmmToNcOfGC+CRDpfK/U584fMg38ZHCaElKQ==
  dependencies:
    color-name "~1.1.4"

color-name@~1.1.4:
  version "1.1.4"
  resolved "https://registry.npmjs.org/color-name/-/color-name-1.1.4.tgz"
  integrity sha512-dOy+3AuW3a2wNbZHIuMZpTcgjGuLU/uBL/ubcZF9OXbDo8ff4O8yVp5Bf0efS8uEoYo5q4Fx7dY9OgQGXgAsQA==

cross-spawn@7.0.3:
  version "7.0.3"
  resolved "https://registry.npmjs.org/cross-spawn/-/cross-spawn-7.0.3.tgz"
  integrity sha512-iRDPJKUPVEND7dHPO8rkbOnPpyDygcDFtWjpeWNCgy8WP2rXcxXL8TskReQl6OrB2G7+UJrags1q15Fudc7G6w==
  dependencies:
    path-key "^3.1.0"
    shebang-command "^2.0.0"
    which "^2.0.1"

debug@4.3.4:
  version "4.3.4"
  resolved "https://registry.npmjs.org/debug/-/debug-4.3.4.tgz"
  integrity sha512-PRWFHuSU3eDtQJPvnNY7Jcket1j0t5OuOsFzPPzsekD52Zl8qUfFIPEiswXqIvHWGVHOgX+7G/vCNNhehwxfkQ==
  dependencies:
    ms "2.1.2"

has-flag@^4.0.0:
  version "4.0.0"
  resolved "https://registry.npmjs.org/has-flag/-/has-flag-4.0.0.tgz"
  integrity sha512-EykJT/Q1KjTWctppgIAgfSO0tKVuZUjhgMr17kqTumMl6Afv3EISleU7qZUzoXDFTAHTDC4NOoG/ZxU3EvlMPQ==

isexe@^2.0.0:
  version "2.0.0"
  resolved "https://registry.npmjs.org/isexe/-/isexe-2.0.0.tgz"
  integrity sha512-RHxMLp9lnKHGHRng9QFhRCMbYAcVpn69smSGcq3f36xjgVVWThj4qqLbTLlq7Ssj8B+fIQ1EuCEGI2lKsyQeIw==

ms@2.1.2:
  version "2.1.2"
  resolved "https://registry.npmjs.org/ms/-/ms-2.1.2.tgz"
  integrity sha512-sGkPx+VjMtmA6MX27oA4FBFELFCZZ4S4XqeGOXCv68tT+jb3vk/RyaKWP0PTKyWtmLSM0b+adUTEvbs1PEaH2w==

path-key@^3.1.0:
  version "3.1.1"
  resolved "https://registry.npmjs.org/path-key/-/path-key-3.1.1.tgz"
  integrity sha512-ojmeN0qd+y0jszEtoY48r0Peq5dwMEkIlCOu6Q5f41lfkswXuKtYrhgoTpLnyIcHm24Uhqx+5Tqm2InSwLhE6Q==

shebang-command@^2.0.0:
  version "2.0.0"
  resolved "https://registry.npmjs.org/shebang-command/-/shebang-command-2.0.0.tgz"
  integrity sha512-kHxr2zZpYtdmrN1qDjrrX/Z1rR1kG8Dx+gkpK1G4eXmvXswmcE1hTWBWYUzlraYw1/yZp6YuDY77YtvbN0dmDA==
  dependencies:
    shebang-regex "^3.0.0"

shebang-regex@^3.0.0:
  version "3.0.0"
  resolved "https://registry.npmjs.org/shebang-regex/-/shebang-regex-3.0.0.tgz"
  integrity sha512-7++dFhtcx3353uBaq8DDR4NuxBetBzC7ZQOhmTQInHEd6bSrXdiEyzCvG07Z44UYdLShWUyXt5M/yhz8ekcb1A==

strip-ansi@6.0.1:
  version "6.0.1"
  resolved "https://registry.npmjs.org/strip-ansi/-/strip-ansi-6.0.1.tgz"
  integrity sha512-Y38VPSHcqkFrCpFnQ9vuSXmquuv5oXOKpGeT6aGrr3o3Gc9AlVa6JBfUSOCnbxGGZF+/0ooI7KrPuUSztUdU5A==
  dependencies:
    ansi-regex "^5.0.1"

supports-color@^7.1.0:
  version "7.2.0"
  resolved "https://registry.npmjs.org/supports-color/-/supports-color-7.2.0.tgz"
  integrity sha512-qpCAvRl9stuOHveKsn7HncJRvv501qIacKzQlO/+Lwxc9+0q2wLyv4Dfvt80/DPn2pqOBsJdDiogXGR9+OvwRw==
  dependencies:
    has-flag "^4.0.0"

typescript@^4.9.5:
  version "4.9.5"
  resolved "https://registry.yarnpkg.com/typescript/-/typescript-4.9.5.tgz#095979f9bcc0d09da324d58d03ce8f8374cbe65a"
  integrity sha512-1FXk9E2Hm+QzZQ7z+McJiHL4NW1F2EzMu9Nq9i3zAaGqibafqYwCVU6WyWAuyQRRzOlxou8xZSyXLEN8oKj24g==

which@^2.0.1:
  version "2.0.2"
  resolved "https://registry.npmjs.org/which/-/which-2.0.2.tgz"
  integrity sha512-BLI3Tl1TW3Pvl70l3yq3Y64i+awpwXqsGBYWkkqMtnbXgrMD+yj7rhW0kuEDxzJaYXGjEW5ogapKNMEKNMjibA==
  dependencies:
    isexe "^2.0.0"
